
Microsoft Visual Studio Solution File, Format Version 12.00
# Visual Studio Version 17
VisualStudioVersion = 17.5.33530.505
MinimumVisualStudioVersion = 10.0.40219.1
Project("{FAE04EC0-301F-11D3-BF4B-00C04F79EFBC}") = "ViewFiltersFactory", "ViewFiltersFactory\ViewFiltersFactory.csproj", "{DAFA5421-2C9A-4A20-A8B7-94AB3575B3C1}"
EndProject
Project("{2150E333-8FDC-42A3-9474-1A3956D46DE8}") = "Solution Items", "Solution Items", "{FE7352BC-C45B-4C7D-ABC8-1FF573FE709B}"
EndProject
Global
	GlobalSection(SolutionConfigurationPlatforms) = preSolution
		Debug|Any CPU = Debug|Any CPU
		Release|Any CPU = Release|Any CPU
	EndGlobalSection
	GlobalSection(ProjectConfigurationPlatforms) = postSolution
		{DAFA5421-2C9A-4A20-A8B7-94AB3575B3C1}.Debug|Any CPU.ActiveCfg = Debug|Any CPU
		{DAFA5421-2C9A-4A20-A8B7-94AB3575B3C1}.Debug|Any CPU.Build.0 = Debug|Any CPU
		{DAFA5421-2C9A-4A20-A8B7-94AB3575B3C1}.Release|Any CPU.ActiveCfg = Release|Any CPU
		{DAFA5421-2C9A-4A20-A8B7-94AB3575B3C1}.Release|Any CPU.Build.0 = Release|Any CPU
	EndGlobalSection
	GlobalSection(SolutionProperties) = preSolution
		HideSolutionNode = FALSE
	EndGlobalSection
	GlobalSection(ExtensibilityGlobals) = postSolution
		SolutionGuid = {F0376ABE-C02E-404D-9B57-6FFC5E219311}
	EndGlobalSection
EndGlobal
